// !$*UTF8*$!
{
	archiveVersion = 1;
	classes = {
	};
	objectVersion = 56;
	objects = {

/* Begin PBXBuildFile section */
		BF0DD6972BF3F269003BC4A6 /* RateButtonsView.swift in Sources */ = {isa = PBXBuildFile; fileRef = BF0DD6962BF3F269003BC4A6 /* RateButtonsView.swift */; };
		BF74DE682BF3C80500522904 /* RateButtonViewModelDebug.swift in Sources */ = {isa = PBXBuildFile; fileRef = BF74DE672BF3C80500522904 /* RateButtonViewModelDebug.swift */; };
		BFD325542BEF2016005A5645 /* CinemaScaleApp.swift in Sources */ = {isa = PBXBuildFile; fileRef = BFD325532BEF2016005A5645 /* CinemaScaleApp.swift */; };
		BFD325562BEF2016005A5645 /* ContentView.swift in Sources */ = {isa = PBXBuildFile; fileRef = BFD325552BEF2016005A5645 /* ContentView.swift */; };
		BFD325582BEF2019005A5645 /* Assets.xcassets in Resources */ = {isa = PBXBuildFile; fileRef = BFD325572BEF2019005A5645 /* Assets.xcassets */; };
		BFD3255B2BEF2019005A5645 /* Preview Assets.xcassets in Resources */ = {isa = PBXBuildFile; fileRef = BFD3255A2BEF2019005A5645 /* Preview Assets.xcassets */; };
		BFD325642BEF2060005A5645 /* AspectButtonViewModel.swift in Sources */ = {isa = PBXBuildFile; fileRef = BFD325632BEF205F005A5645 /* AspectButtonViewModel.swift */; };
		BFD325662BEF20A6005A5645 /* RateButtonViewModel.swift in Sources */ = {isa = PBXBuildFile; fileRef = BFD325652BEF20A6005A5645 /* RateButtonViewModel.swift */; };
		BFD325682BEF20E4005A5645 /* Aspects.swift in Sources */ = {isa = PBXBuildFile; fileRef = BFD325672BEF20E4005A5645 /* Aspects.swift */; };
		BFD3256A2BEFC9E4005A5645 /* ScoreSystems.swift in Sources */ = {isa = PBXBuildFile; fileRef = BFD325692BEFC9E4005A5645 /* ScoreSystems.swift */; };
		BFD3256C2BEFCF4A005A5645 /* CalculateViewModel.swift in Sources */ = {isa = PBXBuildFile; fileRef = BFD3256B2BEFCF4A005A5645 /* CalculateViewModel.swift */; };
		BFD325702BEFE8FB005A5645 /* ResultPopUpView.swift in Sources */ = {isa = PBXBuildFile; fileRef = BFD3256F2BEFE8FB005A5645 /* ResultPopUpView.swift */; };
		BFD325732BF05CBD005A5645 /* RatePopUp.swift in Sources */ = {isa = PBXBuildFile; fileRef = BFD325722BF05CBD005A5645 /* RatePopUp.swift */; };
/* End PBXBuildFile section */

/* Begin PBXFileReference section */
		BF0DD6962BF3F269003BC4A6 /* RateButtonsView.swift */ = {isa = PBXFileReference; lastKnownFileType = sourcecode.swift; path = RateButtonsView.swift; sourceTree = "<group>"; };
		BF74DE672BF3C80500522904 /* RateButtonViewModelDebug.swift */ = {isa = PBXFileReference; lastKnownFileType = sourcecode.swift; path = RateButtonViewModelDebug.swift; sourceTree = "<group>"; };
		BFD325502BEF2016005A5645 /* CinemaScale.app */ = {isa = PBXFileReference; explicitFileType = wrapper.application; includeInIndex = 0; path = CinemaScale.app; sourceTree = BUILT_PRODUCTS_DIR; };
		BFD325532BEF2016005A5645 /* CinemaScaleApp.swift */ = {isa = PBXFileReference; lastKnownFileType = sourcecode.swift; path = CinemaScaleApp.swift; sourceTree = "<group>"; };
		BFD325552BEF2016005A5645 /* ContentView.swift */ = {isa = PBXFileReference; lastKnownFileType = sourcecode.swift; path = ContentView.swift; sourceTree = "<group>"; };
		BFD325572BEF2019005A5645 /* Assets.xcassets */ = {isa = PBXFileReference; lastKnownFileType = folder.assetcatalog; path = Assets.xcassets; sourceTree = "<group>"; };
		BFD3255A2BEF2019005A5645 /* Preview Assets.xcassets */ = {isa = PBXFileReference; lastKnownFileType = folder.assetcatalog; path = "Preview Assets.xcassets"; sourceTree = "<group>"; };
		BFD325632BEF205F005A5645 /* AspectButtonViewModel.swift */ = {isa = PBXFileReference; lastKnownFileType = sourcecode.swift; path = AspectButtonViewModel.swift; sourceTree = "<group>"; };
		BFD325652BEF20A6005A5645 /* RateButtonViewModel.swift */ = {isa = PBXFileReference; lastKnownFileType = sourcecode.swift; path = RateButtonViewModel.swift; sourceTree = "<group>"; };
		BFD325672BEF20E4005A5645 /* Aspects.swift */ = {isa = PBXFileReference; lastKnownFileType = sourcecode.swift; path = Aspects.swift; sourceTree = "<group>"; };
		BFD325692BEFC9E4005A5645 /* ScoreSystems.swift */ = {isa = PBXFileReference; lastKnownFileType = sourcecode.swift; path = ScoreSystems.swift; sourceTree = "<group>"; };
		BFD3256B2BEFCF4A005A5645 /* CalculateViewModel.swift */ = {isa = PBXFileReference; lastKnownFileType = sourcecode.swift; path = CalculateViewModel.swift; sourceTree = "<group>"; };
		BFD3256F2BEFE8FB005A5645 /* ResultPopUpView.swift */ = {isa = PBXFileReference; lastKnownFileType = sourcecode.swift; path = ResultPopUpView.swift; sourceTree = "<group>"; };
		BFD325722BF05CBD005A5645 /* RatePopUp.swift */ = {isa = PBXFileReference; lastKnownFileType = sourcecode.swift; path = RatePopUp.swift; sourceTree = "<group>"; };
/* End PBXFileReference section */

/* Begin PBXFrameworksBuildPhase section */
		BFD3254D2BEF2016005A5645 /* Frameworks */ = {
			isa = PBXFrameworksBuildPhase;
			buildActionMask = 2147483647;
			files = (
			);
			runOnlyForDeploymentPostprocessing = 0;
		};
/* End PBXFrameworksBuildPhase section */

/* Begin PBXGroup section */
		BFD325472BEF2016005A5645 = {
			isa = PBXGroup;
			children = (
				BFD325522BEF2016005A5645 /* CinemaScale */,
				BFD325512BEF2016005A5645 /* Products */,
			);
			sourceTree = "<group>";
		};
		BFD325512BEF2016005A5645 /* Products */ = {
			isa = PBXGroup;
			children = (
				BFD325502BEF2016005A5645 /* CinemaScale.app */,
			);
			name = Products;
			sourceTree = "<group>";
		};
		BFD325522BEF2016005A5645 /* CinemaScale */ = {
			isa = PBXGroup;
			children = (
				BFD325712BF05C9E005A5645 /* Pop Ups */,
				BFD325622BEF2037005A5645 /* ButtonView */,
				BFD325532BEF2016005A5645 /* CinemaScaleApp.swift */,
				BFD325552BEF2016005A5645 /* ContentView.swift */,
				BFD325672BEF20E4005A5645 /* Aspects.swift */,
				BFD325692BEFC9E4005A5645 /* ScoreSystems.swift */,
				BFD325572BEF2019005A5645 /* Assets.xcassets */,
				BFD325592BEF2019005A5645 /* Preview Content */,
			);
			path = CinemaScale;
			sourceTree = "<group>";
		};
		BFD325592BEF2019005A5645 /* Preview Content */ = {
			isa = PBXGroup;
			children = (
				BFD3255A2BEF2019005A5645 /* Preview Assets.xcassets */,
			);
			path = "Preview Content";
			sourceTree = "<group>";
		};
		BFD325622BEF2037005A5645 /* ButtonView */ = {
			isa = PBXGroup;
			children = (
				BFD325632BEF205F005A5645 /* AspectButtonViewModel.swift */,
				BFD325652BEF20A6005A5645 /* RateButtonViewModel.swift */,
				BF74DE672BF3C80500522904 /* RateButtonViewModelDebug.swift */,
				BFD3256B2BEFCF4A005A5645 /* CalculateViewModel.swift */,
				BF0DD6962BF3F269003BC4A6 /* RateButtonsView.swift */,
			);
			path = ButtonView;
			sourceTree = "<group>";
		};
		BFD325712BF05C9E005A5645 /* Pop Ups */ = {
			isa = PBXGroup;
			children = (
				BFD3256F2BEFE8FB005A5645 /* ResultPopUpView.swift */,
				BFD325722BF05CBD005A5645 /* RatePopUp.swift */,
			);
			path = "Pop Ups";
			sourceTree = "<group>";
		};
/* End PBXGroup section */

/* Begin PBXNativeTarget section */
		BFD3254F2BEF2016005A5645 /* CinemaScale */ = {
			isa = PBXNativeTarget;
			buildConfigurationList = BFD3255E2BEF2019005A5645 /* Build configuration list for PBXNativeTarget "CinemaScale" */;
			buildPhases = (
				BFD3254C2BEF2016005A5645 /* Sources */,
				BFD3254D2BEF2016005A5645 /* Frameworks */,
				BFD3254E2BEF2016005A5645 /* Resources */,
			);
			buildRules = (
			);
			dependencies = (
			);
			name = CinemaScale;
			productName = CinemaScale;
			productReference = BFD325502BEF2016005A5645 /* CinemaScale.app */;
			productType = "com.apple.product-type.application";
		};
/* End PBXNativeTarget section */

/* Begin PBXProject section */
		BFD325482BEF2016005A5645 /* Project object */ = {
			isa = PBXProject;
			attributes = {
				BuildIndependentTargetsInParallel = 1;
				LastSwiftUpdateCheck = 1520;
				LastUpgradeCheck = 1520;
				TargetAttributes = {
					BFD3254F2BEF2016005A5645 = {
						CreatedOnToolsVersion = 15.2;
					};
				};
			};
			buildConfigurationList = BFD3254B2BEF2016005A5645 /* Build configuration list for PBXProject "CinemaScale" */;
			compatibilityVersion = "Xcode 14.0";
			developmentRegion = en;
			hasScannedForEncodings = 0;
			knownRegions = (
				en,
				Base,
			);
			mainGroup = BFD325472BEF2016005A5645;
			productRefGroup = BFD325512BEF2016005A5645 /* Products */;
			projectDirPath = "";
			projectRoot = "";
			targets = (
				BFD3254F2BEF2016005A5645 /* CinemaScale */,
			);
		};
/* End PBXProject section */

/* Begin PBXResourcesBuildPhase section */
		BFD3254E2BEF2016005A5645 /* Resources */ = {
			isa = PBXResourcesBuildPhase;
			buildActionMask = 2147483647;
			files = (
				BFD3255B2BEF2019005A5645 /* Preview Assets.xcassets in Resources */,
				BFD325582BEF2019005A5645 /* Assets.xcassets in Resources */,
			);
			runOnlyForDeploymentPostprocessing = 0;
		};
/* End PBXResourcesBuildPhase section */

/* Begin PBXSourcesBuildPhase section */
		BFD3254C2BEF2016005A5645 /* Sources */ = {
			isa = PBXSourcesBuildPhase;
			buildActionMask = 2147483647;
			files = (
				BFD325682BEF20E4005A5645 /* Aspects.swift in Sources */,
				BFD3256A2BEFC9E4005A5645 /* ScoreSystems.swift in Sources */,
				BF74DE682BF3C80500522904 /* RateButtonViewModelDebug.swift in Sources */,
				BF0DD6972BF3F269003BC4A6 /* RateButtonsView.swift in Sources */,
				BFD325732BF05CBD005A5645 /* RatePopUp.swift in Sources */,
				BFD3256C2BEFCF4A005A5645 /* CalculateViewModel.swift in Sources */,
				BFD325662BEF20A6005A5645 /* RateButtonViewModel.swift in Sources */,
				BFD325642BEF2060005A5645 /* AspectButtonViewModel.swift in Sources */,
				BFD325562BEF2016005A5645 /* ContentView.swift in Sources */,
				BFD325702BEFE8FB005A5645 /* ResultPopUpView.swift in Sources */,
				BFD325542BEF2016005A5645 /* CinemaScaleApp.swift in Sources */,
			);
			runOnlyForDeploymentPostprocessing = 0;
		};
/* End PBXSourcesBuildPhase section */

/* Begin XCBuildConfiguration section */
		BFD3255C2BEF2019005A5645 /* Debug */ = {
			isa = XCBuildConfiguration;
			buildSettings = {
				ALWAYS_SEARCH_USER_PATHS = NO;
				ASSETCATALOG_COMPILER_GENERATE_SWIFT_ASSET_SYMBOL_EXTENSIONS = YES;
				CLANG_ANALYZER_NONNULL = YES;
				CLANG_ANALYZER_NUMBER_OBJECT_CONVERSION = YES_AGGRESSIVE;
				CLANG_CXX_LANGUAGE_STANDARD = "gnu++20";
				CLANG_ENABLE_MODULES = YES;
				CLANG_ENABLE_OBJC_ARC = YES;
				CLANG_ENABLE_OBJC_WEAK = YES;
				CLANG_WARN_BLOCK_CAPTURE_AUTORELEASING = YES;
				CLANG_WARN_BOOL_CONVERSION = YES;
				CLANG_WARN_COMMA = YES;
				CLANG_WARN_CONSTANT_CONVERSION = YES;
				CLANG_WARN_DEPRECATED_OBJC_IMPLEMENTATIONS = YES;
				CLANG_WARN_DIRECT_OBJC_ISA_USAGE = YES_ERROR;
				CLANG_WARN_DOCUMENTATION_COMMENTS = YES;
				CLANG_WARN_EMPTY_BODY = YES;
				CLANG_WARN_ENUM_CONVERSION = YES;
				CLANG_WARN_INFINITE_RECURSION = YES;
				CLANG_WARN_INT_CONVERSION = YES;
				CLANG_WARN_NON_LITERAL_NULL_CONVERSION = YES;
				CLANG_WARN_OBJC_IMPLICIT_RETAIN_SELF = YES;
				CLANG_WARN_OBJC_LITERAL_CONVERSION = YES;
				CLANG_WARN_OBJC_ROOT_CLASS = YES_ERROR;
				CLANG_WARN_QUOTED_INCLUDE_IN_FRAMEWORK_HEADER = YES;
				CLANG_WARN_RANGE_LOOP_ANALYSIS = YES;
				CLANG_WARN_STRICT_PROTOTYPES = YES;
				CLANG_WARN_SUSPICIOUS_MOVE = YES;
				CLANG_WARN_UNGUARDED_AVAILABILITY = YES_AGGRESSIVE;
				CLANG_WARN_UNREACHABLE_CODE = YES;
				CLANG_WARN__DUPLICATE_METHOD_MATCH = YES;
				COPY_PHASE_STRIP = NO;
				DEBUG_INFORMATION_FORMAT = dwarf;
				ENABLE_STRICT_OBJC_MSGSEND = YES;
				ENABLE_TESTABILITY = YES;
				ENABLE_USER_SCRIPT_SANDBOXING = YES;
				GCC_C_LANGUAGE_STANDARD = gnu17;
				GCC_DYNAMIC_NO_PIC = NO;
				GCC_NO_COMMON_BLOCKS = YES;
				GCC_OPTIMIZATION_LEVEL = 0;
				GCC_PREPROCESSOR_DEFINITIONS = (
					"DEBUG=1",
					"$(inherited)",
				);
				GCC_WARN_64_TO_32_BIT_CONVERSION = YES;
				GCC_WARN_ABOUT_RETURN_TYPE = YES_ERROR;
				GCC_WARN_UNDECLARED_SELECTOR = YES;
				GCC_WARN_UNINITIALIZED_AUTOS = YES_AGGRESSIVE;
				GCC_WARN_UNUSED_FUNCTION = YES;
				GCC_WARN_UNUSED_VARIABLE = YES;
				IPHONEOS_DEPLOYMENT_TARGET = 17.2;
				LOCALIZATION_PREFERS_STRING_CATALOGS = YES;
				MTL_ENABLE_DEBUG_INFO = INCLUDE_SOURCE;
				MTL_FAST_MATH = YES;
				ONLY_ACTIVE_ARCH = YES;
				SDKROOT = iphoneos;
				SWIFT_ACTIVE_COMPILATION_CONDITIONS = "DEBUG $(inherited)";
				SWIFT_OPTIMIZATION_LEVEL = "-Onone";
			};
			name = Debug;
		};
		BFD3255D2BEF2019005A5645 /* Release */ = {
			isa = XCBuildConfiguration;
			buildSettings = {
				ALWAYS_SEARCH_USER_PATHS = NO;
				ASSETCATALOG_COMPILER_GENERATE_SWIFT_ASSET_SYMBOL_EXTENSIONS = YES;
				CLANG_ANALYZER_NONNULL = YES;
				CLANG_ANALYZER_NUMBER_OBJECT_CONVERSION = YES_AGGRESSIVE;
				CLANG_CXX_LANGUAGE_STANDARD = "gnu++20";
				CLANG_ENABLE_MODULES = YES;
				CLANG_ENABLE_OBJC_ARC = YES;
				CLANG_ENABLE_OBJC_WEAK = YES;
				CLANG_WARN_BLOCK_CAPTURE_AUTORELEASING = YES;
				CLANG_WARN_BOOL_CONVERSION = YES;
				CLANG_WARN_COMMA = YES;
				CLANG_WARN_CONSTANT_CONVERSION = YES;
				CLANG_WARN_DEPRECATED_OBJC_IMPLEMENTATIONS = YES;
				CLANG_WARN_DIRECT_OBJC_ISA_USAGE = YES_ERROR;
				CLANG_WARN_DOCUMENTATION_COMMENTS = YES;
				CLANG_WARN_EMPTY_BODY = YES;
				CLANG_WARN_ENUM_CONVERSION = YES;
				CLANG_WARN_INFINITE_RECURSION = YES;
				CLANG_WARN_INT_CONVERSION = YES;
				CLANG_WARN_NON_LITERAL_NULL_CONVERSION = YES;
				CLANG_WARN_OBJC_IMPLICIT_RETAIN_SELF = YES;
				CLANG_WARN_OBJC_LITERAL_CONVERSION = YES;
				CLANG_WARN_OBJC_ROOT_CLASS = YES_ERROR;
				CLANG_WARN_QUOTED_INCLUDE_IN_FRAMEWORK_HEADER = YES;
				CLANG_WARN_RANGE_LOOP_ANALYSIS = YES;
				CLANG_WARN_STRICT_PROTOTYPES = YES;
				CLANG_WARN_SUSPICIOUS_MOVE = YES;
				CLANG_WARN_UNGUARDED_AVAILABILITY = YES_AGGRESSIVE;
				CLANG_WARN_UNREACHABLE_CODE = YES;
				CLANG_WARN__DUPLICATE_METHOD_MATCH = YES;
				COPY_PHASE_STRIP = NO;
				DEBUG_INFORMATION_FORMAT = "dwarf-with-dsym";
				ENABLE_NS_ASSERTIONS = NO;
				ENABLE_STRICT_OBJC_MSGSEND = YES;
				ENABLE_USER_SCRIPT_SANDBOXING = YES;
				GCC_C_LANGUAGE_STANDARD = gnu17;
				GCC_NO_COMMON_BLOCKS = YES;
				GCC_WARN_64_TO_32_BIT_CONVERSION = YES;
				GCC_WARN_ABOUT_RETURN_TYPE = YES_ERROR;
				GCC_WARN_UNDECLARED_SELECTOR = YES;
				GCC_WARN_UNINITIALIZED_AUTOS = YES_AGGRESSIVE;
				GCC_WARN_UNUSED_FUNCTION = YES;
				GCC_WARN_UNUSED_VARIABLE = YES;
				IPHONEOS_DEPLOYMENT_TARGET = 17.2;
				LOCALIZATION_PREFERS_STRING_CATALOGS = YES;
				MTL_ENABLE_DEBUG_INFO = NO;
				MTL_FAST_MATH = YES;
				SDKROOT = iphoneos;
				SWIFT_COMPILATION_MODE = wholemodule;
				VALIDATE_PRODUCT = YES;
			};
			name = Release;
		};
		BFD3255F2BEF2019005A5645 /* Debug */ = {
			isa = XCBuildConfiguration;
			buildSettings = {
				ASSETCATALOG_COMPILER_APPICON_NAME = AppIcon;
				ASSETCATALOG_COMPILER_GLOBAL_ACCENT_COLOR_NAME = AccentColor;
				CODE_SIGN_STYLE = Automatic;
				CURRENT_PROJECT_VERSION = 1;
				DEVELOPMENT_ASSET_PATHS = "\"CinemaScale/Preview Content\"";
				DEVELOPMENT_TEAM = 3YK22GD7FS;
				ENABLE_PREVIEWS = YES;
				GENERATE_INFOPLIST_FILE = YES;
				INFOPLIST_KEY_UIApplicationSceneManifest_Generation = YES;
				INFOPLIST_KEY_UIApplicationSupportsIndirectInputEvents = YES;
				INFOPLIST_KEY_UILaunchScreen_Generation = YES;
				INFOPLIST_KEY_UISupportedInterfaceOrientations_iPad = "UIInterfaceOrientationPortrait UIInterfaceOrientationPortraitUpsideDown UIInterfaceOrientationLandscapeLeft UIInterfaceOrientationLandscapeRight";
				INFOPLIST_KEY_UISupportedInterfaceOrientations_iPhone = "UIInterfaceOrientationPortrait UIInterfaceOrientationLandscapeLeft UIInterfaceOrientationLandscapeRight";
				LD_RUNPATH_SEARCH_PATHS = (
					"$(inherited)",
					"@executable_path/Frameworks",
				);
				MARKETING_VERSION = 1.0;
				PRODUCT_BUNDLE_IDENTIFIER = br.ufpe.cin.jfrjs.CinemaScale;
				PRODUCT_NAME = "$(TARGET_NAME)";
				SWIFT_EMIT_LOC_STRINGS = YES;
				SWIFT_VERSION = 5.0;
				TARGETED_DEVICE_FAMILY = "1,2";
			};
			name = Debug;
		};
		BFD325602BEF2019005A5645 /* Release */ = {
			isa = XCBuildConfiguration;
			buildSettings = {
				ASSETCATALOG_COMPILER_APPICON_NAME = AppIcon;
				ASSETCATALOG_COMPILER_GLOBAL_ACCENT_COLOR_NAME = AccentColor;
				CODE_SIGN_STYLE = Automatic;
				CURRENT_PROJECT_VERSION = 1;
				DEVELOPMENT_ASSET_PATHS = "\"CinemaScale/Preview Content\"";
				DEVELOPMENT_TEAM = 3YK22GD7FS;
				ENABLE_PREVIEWS = YES;
				GENERATE_INFOPLIST_FILE = YES;
				INFOPLIST_KEY_UIApplicationSceneManifest_Generation = YES;
				INFOPLIST_KEY_UIApplicationSupportsIndirectInputEvents = YES;
				INFOPLIST_KEY_UILaunchScreen_Generation = YES;
				INFOPLIST_KEY_UISupportedInterfaceOrientations_iPad = "UIInterfaceOrientationPortrait UIInterfaceOrientationPortraitUpsideDown UIInterfaceOrientationLandscapeLeft UIInterfaceOrientationLandscapeRight";
				INFOPLIST_KEY_UISupportedInterfaceOrientations_iPhone = "UIInterfaceOrientationPortrait UIInterfaceOrientationLandscapeLeft UIInterfaceOrientationLandscapeRight";
				LD_RUNPATH_SEARCH_PATHS = (
					"$(inherited)",
					"@executable_path/Frameworks",
				);
				MARKETING_VERSION = 1.0;
				PRODUCT_BUNDLE_IDENTIFIER = br.ufpe.cin.jfrjs.CinemaScale;
				PRODUCT_NAME = "$(TARGET_NAME)";
				SWIFT_EMIT_LOC_STRINGS = YES;
				SWIFT_VERSION = 5.0;
				TARGETED_DEVICE_FAMILY = "1,2";
			};
			name = Release;
		};
/* End XCBuildConfiguration section */

/* Begin XCConfigurationList section */
		BFD3254B2BEF2016005A5645 /* Build configuration list for PBXProject "CinemaScale" */ = {
			isa = XCConfigurationList;
			buildConfigurations = (
				BFD3255C2BEF2019005A5645 /* Debug */,
				BFD3255D2BEF2019005A5645 /* Release */,
			);
			defaultConfigurationIsVisible = 0;
			defaultConfigurationName = Release;
		};
		BFD3255E2BEF2019005A5645 /* Build configuration list for PBXNativeTarget "CinemaScale" */ = {
			isa = XCConfigurationList;
			buildConfigurations = (
				BFD3255F2BEF2019005A5645 /* Debug */,
				BFD325602BEF2019005A5645 /* Release */,
			);
			defaultConfigurationIsVisible = 0;
			defaultConfigurationName = Release;
		};
/* End XCConfigurationList section */
	};
	rootObject = BFD325482BEF2016005A5645 /* Project object */;
}
